
Microsoft Visual Studio Solution File, Format Version 12.00
# Visual Studio Version 17
VisualStudioVersion = 17.8.34408.163
MinimumVisualStudioVersion = 10.0.40219.1
Project("{FAE04EC0-301F-11D3-BF4B-00C04F79EFBC}") = "FbExtractApp", "FbExtractApp\FbExtractApp.csproj", "{5A28E4E0-5477-4023-BDC7-AFCB39BA3F13}"
EndProject
Global
	GlobalSection(SolutionConfigurationPlatforms) = preSolution
		Debug|Any CPU = Debug|Any CPU
		Release|Any CPU = Release|Any CPU
	EndGlobalSection
	GlobalSection(ProjectConfigurationPlatforms) = postSolution
		{5A28E4E0-5477-4023-BDC7-AFCB39BA3F13}.Debug|Any CPU.ActiveCfg = Debug|Any CPU
		{5A28E4E0-5477-4023-BDC7-AFCB39BA3F13}.Debug|Any CPU.Build.0 = Debug|Any CPU
		{5A28E4E0-5477-4023-BDC7-AFCB39BA3F13}.Release|Any CPU.ActiveCfg = Release|Any CPU
		{5A28E4E0-5477-4023-BDC7-AFCB39BA3F13}.Release|Any CPU.Build.0 = Release|Any CPU
	EndGlobalSection
	GlobalSection(SolutionProperties) = preSolution
		HideSolutionNode = FALSE
	EndGlobalSection
	GlobalSection(ExtensibilityGlobals) = postSolution
		SolutionGuid = {C8CEB735-8A1F-4731-968F-74471E65D47C}
	EndGlobalSection
EndGlobal
